// !$*UTF8*$!
{
	archiveVersion = 1;
	classes = {
	};
	objectVersion = 46;
	objects = {

/* Begin PBXBuildFile section */
		C51E74D816A0F5D7006A8802 /* UIKit.framework in Frameworks */ = {isa = PBXBuildFile; fileRef = C51E74D716A0F5D7006A8802 /* UIKit.framework */; };
		C51E74DA16A0F5D7006A8802 /* Foundation.framework in Frameworks */ = {isa = PBXBuildFile; fileRef = C51E74D916A0F5D7006A8802 /* Foundation.framework */; };
		C51E74DC16A0F5D7006A8802 /* CoreGraphics.framework in Frameworks */ = {isa = PBXBuildFile; fileRef = C51E74DB16A0F5D7006A8802 /* CoreGraphics.framework */; };
		C51E74E216A0F5D7006A8802 /* InfoPlist.strings in Resources */ = {isa = PBXBuildFile; fileRef = C51E74E016A0F5D7006A8802 /* InfoPlist.strings */; };
		C51E74E416A0F5D7006A8802 /* main.m in Sources */ = {isa = PBXBuildFile; fileRef = C51E74E316A0F5D7006A8802 /* main.m */; };
		C51E74E816A0F5D7006A8802 /* AppDelegate.m in Sources */ = {isa = PBXBuildFile; fileRef = C51E74E716A0F5D7006A8802 /* AppDelegate.m */; };
		C51E74EA16A0F5D7006A8802 /* Default.png in Resources */ = {isa = PBXBuildFile; fileRef = C51E74E916A0F5D7006A8802 /* Default.png */; };
		C51E74EC16A0F5D7006A8802 /* Default@2x.png in Resources */ = {isa = PBXBuildFile; fileRef = C51E74EB16A0F5D7006A8802 /* Default@2x.png */; };
		C51E74EE16A0F5D7006A8802 /* Default-568h@2x.png in Resources */ = {isa = PBXBuildFile; fileRef = C51E74ED16A0F5D7006A8802 /* Default-568h@2x.png */; };
		C51E74F116A0F5D7006A8802 /* ViewController.m in Sources */ = {isa = PBXBuildFile; fileRef = C51E74F016A0F5D7006A8802 /* ViewController.m */; };
		C51E74F416A0F5D7006A8802 /* ViewController.xib in Resources */ = {isa = PBXBuildFile; fileRef = C51E74F216A0F5D7006A8802 /* ViewController.xib */; };
/* End PBXBuildFile section */

/* Begin PBXFileReference section */
		C51E74D316A0F5D7006A8802 /* External Screen Test.app */ = {isa = PBXFileReference; explicitFileType = wrapper.application; includeInIndex = 0; path = "External Screen Test.app"; sourceTree = BUILT_PRODUCTS_DIR; };
		C51E74D716A0F5D7006A8802 /* UIKit.framework */ = {isa = PBXFileReference; lastKnownFileType = wrapper.framework; name = UIKit.framework; path = System/Library/Frameworks/UIKit.framework; sourceTree = SDKROOT; };
		C51E74D916A0F5D7006A8802 /* Foundation.framework */ = {isa = PBXFileReference; lastKnownFileType = wrapper.framework; name = Foundation.framework; path = System/Library/Frameworks/Foundation.framework; sourceTree = SDKROOT; };
		C51E74DB16A0F5D7006A8802 /* CoreGraphics.framework */ = {isa = PBXFileReference; lastKnownFileType = wrapper.framework; name = CoreGraphics.framework; path = System/Library/Frameworks/CoreGraphics.framework; sourceTree = SDKROOT; };
		C51E74DF16A0F5D7006A8802 /* External Screen Test-Info.plist */ = {isa = PBXFileReference; lastKnownFileType = text.plist.xml; path = "External Screen Test-Info.plist"; sourceTree = "<group>"; };
		C51E74E116A0F5D7006A8802 /* en */ = {isa = PBXFileReference; lastKnownFileType = text.plist.strings; name = en; path = en.lproj/InfoPlist.strings; sourceTree = "<group>"; };
		C51E74E316A0F5D7006A8802 /* main.m */ = {isa = PBXFileReference; lastKnownFileType = sourcecode.c.objc; path = main.m; sourceTree = "<group>"; };
		C51E74E516A0F5D7006A8802 /* External Screen Test-Prefix.pch */ = {isa = PBXFileReference; lastKnownFileType = sourcecode.c.h; path = "External Screen Test-Prefix.pch"; sourceTree = "<group>"; };
		C51E74E616A0F5D7006A8802 /* AppDelegate.h */ = {isa = PBXFileReference; lastKnownFileType = sourcecode.c.h; path = AppDelegate.h; sourceTree = "<group>"; };
		C51E74E716A0F5D7006A8802 /* AppDelegate.m */ = {isa = PBXFileReference; lastKnownFileType = sourcecode.c.objc; path = AppDelegate.m; sourceTree = "<group>"; };
		C51E74E916A0F5D7006A8802 /* Default.png */ = {isa = PBXFileReference; lastKnownFileType = image.png; path = Default.png; sourceTree = "<group>"; };
		C51E74EB16A0F5D7006A8802 /* Default@2x.png */ = {isa = PBXFileReference; lastKnownFileType = image.png; path = "Default@2x.png"; sourceTree = "<group>"; };
		C51E74ED16A0F5D7006A8802 /* Default-568h@2x.png */ = {isa = PBXFileReference; lastKnownFileType = image.png; path = "Default-568h@2x.png"; sourceTree = "<group>"; };
		C51E74EF16A0F5D7006A8802 /* ViewController.h */ = {isa = PBXFileReference; lastKnownFileType = sourcecode.c.h; path = ViewController.h; sourceTree = "<group>"; };
		C51E74F016A0F5D7006A8802 /* ViewController.m */ = {isa = PBXFileReference; lastKnownFileType = sourcecode.c.objc; path = ViewController.m; sourceTree = "<group>"; };
		C51E74F316A0F5D7006A8802 /* en */ = {isa = PBXFileReference; lastKnownFileType = file.xib; name = en; path = en.lproj/ViewController.xib; sourceTree = "<group>"; };
/* End PBXFileReference section */

/* Begin PBXFrameworksBuildPhase section */
		C51E74D016A0F5D7006A8802 /* Frameworks */ = {
			isa = PBXFrameworksBuildPhase;
			buildActionMask = 2147483647;
			files = (
				C51E74D816A0F5D7006A8802 /* UIKit.framework in Frameworks */,
				C51E74DA16A0F5D7006A8802 /* Foundation.framework in Frameworks */,
				C51E74DC16A0F5D7006A8802 /* CoreGraphics.framework in Frameworks */,
			);
			runOnlyForDeploymentPostprocessing = 0;
		};
/* End PBXFrameworksBuildPhase section */

/* Begin PBXGroup section */
		C51E74C816A0F5D7006A8802 = {
			isa = PBXGroup;
			children = (
				C51E74DD16A0F5D7006A8802 /* External Screen Test */,
				C51E74D616A0F5D7006A8802 /* Frameworks */,
				C51E74D416A0F5D7006A8802 /* Products */,
			);
			sourceTree = "<group>";
		};
		C51E74D416A0F5D7006A8802 /* Products */ = {
			isa = PBXGroup;
			children = (
				C51E74D316A0F5D7006A8802 /* External Screen Test.app */,
			);
			name = Products;
			sourceTree = "<group>";
		};
		C51E74D616A0F5D7006A8802 /* Frameworks */ = {
			isa = PBXGroup;
			children = (
				C51E74D716A0F5D7006A8802 /* UIKit.framework */,
				C51E74D916A0F5D7006A8802 /* Foundation.framework */,
				C51E74DB16A0F5D7006A8802 /* CoreGraphics.framework */,
			);
			name = Frameworks;
			sourceTree = "<group>";
		};
		C51E74DD16A0F5D7006A8802 /* External Screen Test */ = {
			isa = PBXGroup;
			children = (
				C51E74E616A0F5D7006A8802 /* AppDelegate.h */,
				C51E74E716A0F5D7006A8802 /* AppDelegate.m */,
				C51E74EF16A0F5D7006A8802 /* ViewController.h */,
				C51E74F016A0F5D7006A8802 /* ViewController.m */,
				C51E74F216A0F5D7006A8802 /* ViewController.xib */,
				C51E74DE16A0F5D7006A8802 /* Supporting Files */,
			);
			path = "External Screen Test";
			sourceTree = "<group>";
		};
		C51E74DE16A0F5D7006A8802 /* Supporting Files */ = {
			isa = PBXGroup;
			children = (
				C51E74DF16A0F5D7006A8802 /* External Screen Test-Info.plist */,
				C51E74E016A0F5D7006A8802 /* InfoPlist.strings */,
				C51E74E316A0F5D7006A8802 /* main.m */,
				C51E74E516A0F5D7006A8802 /* External Screen Test-Prefix.pch */,
				C51E74E916A0F5D7006A8802 /* Default.png */,
				C51E74EB16A0F5D7006A8802 /* Default@2x.png */,
				C51E74ED16A0F5D7006A8802 /* Default-568h@2x.png */,
			);
			name = "Supporting Files";
			sourceTree = "<group>";
		};
/* End PBXGroup section */

/* Begin PBXNativeTarget section */
		C51E74D216A0F5D7006A8802 /* External Screen Test */ = {
			isa = PBXNativeTarget;
			buildConfigurationList = C51E74F716A0F5D7006A8802 /* Build configuration list for PBXNativeTarget "External Screen Test" */;
			buildPhases = (
				C51E74CF16A0F5D7006A8802 /* Sources */,
				C51E74D016A0F5D7006A8802 /* Frameworks */,
				C51E74D116A0F5D7006A8802 /* Resources */,
			);
			buildRules = (
			);
			dependencies = (
			);
			name = "External Screen Test";
			productName = "External Screen Test";
			productReference = C51E74D316A0F5D7006A8802 /* External Screen Test.app */;
			productType = "com.apple.product-type.application";
		};
/* End PBXNativeTarget section */

/* Begin PBXProject section */
		C51E74CA16A0F5D7006A8802 /* Project object */ = {
			isa = PBXProject;
			attributes = {
				LastUpgradeCheck = 0450;
				ORGANIZATIONNAME = "Brian Pfeil";
			};
			buildConfigurationList = C51E74CD16A0F5D7006A8802 /* Build configuration list for PBXProject "External Screen Test" */;
			compatibilityVersion = "Xcode 3.2";
			developmentRegion = English;
			hasScannedForEncodings = 0;
			knownRegions = (
				en,
			);
			mainGroup = C51E74C816A0F5D7006A8802;
			productRefGroup = C51E74D416A0F5D7006A8802 /* Products */;
			projectDirPath = "";
			projectRoot = "";
			targets = (
				C51E74D216A0F5D7006A8802 /* External Screen Test */,
			);
		};
/* End PBXProject section */

/* Begin PBXResourcesBuildPhase section */
		C51E74D116A0F5D7006A8802 /* Resources */ = {
			isa = PBXResourcesBuildPhase;
			buildActionMask = 2147483647;
			files = (
				C51E74E216A0F5D7006A8802 /* InfoPlist.strings in Resources */,
				C51E74EA16A0F5D7006A8802 /* Default.png in Resources */,
				C51E74EC16A0F5D7006A8802 /* Default@2x.png in Resources */,
				C51E74EE16A0F5D7006A8802 /* Default-568h@2x.png in Resources */,
				C51E74F416A0F5D7006A8802 /* ViewController.xib in Resources */,
			);
			runOnlyForDeploymentPostprocessing = 0;
		};
/* End PBXResourcesBuildPhase section */

/* Begin PBXSourcesBuildPhase section */
		C51E74CF16A0F5D7006A8802 /* Sources */ = {
			isa = PBXSourcesBuildPhase;
			buildActionMask = 2147483647;
			files = (
				C51E74E416A0F5D7006A8802 /* main.m in Sources */,
				C51E74E816A0F5D7006A8802 /* AppDelegate.m in Sources */,
				C51E74F116A0F5D7006A8802 /* ViewController.m in Sources */,
			);
			runOnlyForDeploymentPostprocessing = 0;
		};
/* End PBXSourcesBuildPhase section */

/* Begin PBXVariantGroup section */
		C51E74E016A0F5D7006A8802 /* InfoPlist.strings */ = {
			isa = PBXVariantGroup;
			children = (
				C51E74E116A0F5D7006A8802 /* en */,
			);
			name = InfoPlist.strings;
			sourceTree = "<group>";
		};
		C51E74F216A0F5D7006A8802 /* ViewController.xib */ = {
			isa = PBXVariantGroup;
			children = (
				C51E74F316A0F5D7006A8802 /* en */,
			);
			name = ViewController.xib;
			sourceTree = "<group>";
		};
/* End PBXVariantGroup section */

/* Begin XCBuildConfiguration section */
		C51E74F516A0F5D7006A8802 /* Debug */ = {
			isa = XCBuildConfiguration;
			buildSettings = {
				ALWAYS_SEARCH_USER_PATHS = NO;
				CLANG_CXX_LANGUAGE_STANDARD = "gnu++0x";
				CLANG_CXX_LIBRARY = "libc++";
				CLANG_WARN_EMPTY_BODY = YES;
				CLANG_WARN__DUPLICATE_METHOD_MATCH = YES;
				"CODE_SIGN_IDENTITY[sdk=iphoneos*]" = "iPhone Developer";
				COPY_PHASE_STRIP = NO;
				GCC_C_LANGUAGE_STANDARD = gnu99;
				GCC_DYNAMIC_NO_PIC = NO;
				GCC_OPTIMIZATION_LEVEL = 0;
				GCC_PREPROCESSOR_DEFINITIONS = (
					"DEBUG=1",
					"$(inherited)",
				);
				GCC_SYMBOLS_PRIVATE_EXTERN = NO;
				GCC_WARN_ABOUT_RETURN_TYPE = YES;
				GCC_WARN_UNINITIALIZED_AUTOS = YES;
				GCC_WARN_UNUSED_VARIABLE = YES;
				IPHONEOS_DEPLOYMENT_TARGET = 6.0;
				ONLY_ACTIVE_ARCH = YES;
				SDKROOT = iphoneos;
			};
			name = Debug;
		};
		C51E74F616A0F5D7006A8802 /* Release */ = {
			isa = XCBuildConfiguration;
			buildSettings = {
				ALWAYS_SEARCH_USER_PATHS = NO;
				CLANG_CXX_LANGUAGE_STANDARD = "gnu++0x";
				CLANG_CXX_LIBRARY = "libc++";
				CLANG_WARN_EMPTY_BODY = YES;
				CLANG_WARN__DUPLICATE_METHOD_MATCH = YES;
				"CODE_SIGN_IDENTITY[sdk=iphoneos*]" = "iPhone Developer";
				COPY_PHASE_STRIP = YES;
				GCC_C_LANGUAGE_STANDARD = gnu99;
				GCC_WARN_ABOUT_RETURN_TYPE = YES;
				GCC_WARN_UNINITIALIZED_AUTOS = YES;
				GCC_WARN_UNUSED_VARIABLE = YES;
				IPHONEOS_DEPLOYMENT_TARGET = 6.0;
				OTHER_CFLAGS = "-DNS_BLOCK_ASSERTIONS=1";
				SDKROOT = iphoneos;
				VALIDATE_PRODUCT = YES;
			};
			name = Release;
		};
		C51E74F816A0F5D7006A8802 /* Debug */ = {
			isa = XCBuildConfiguration;
			buildSettings = {
				GCC_PRECOMPILE_PREFIX_HEADER = YES;
				GCC_PREFIX_HEADER = "External Screen Test/External Screen Test-Prefix.pch";
				INFOPLIST_FILE = "External Screen Test/External Screen Test-Info.plist";
				PRODUCT_NAME = "$(TARGET_NAME)";
				WRAPPER_EXTENSION = app;
			};
			name = Debug;
		};
		C51E74F916A0F5D7006A8802 /* Release */ = {
			isa = XCBuildConfiguration;
			buildSettings = {
				GCC_PRECOMPILE_PREFIX_HEADER = YES;
				GCC_PREFIX_HEADER = "External Screen Test/External Screen Test-Prefix.pch";
				INFOPLIST_FILE = "External Screen Test/External Screen Test-Info.plist";
				PRODUCT_NAME = "$(TARGET_NAME)";
				WRAPPER_EXTENSION = app;
			};
			name = Release;
		};
/* End XCBuildConfiguration section */

/* Begin XCConfigurationList section */
		C51E74CD16A0F5D7006A8802 /* Build configuration list for PBXProject "External Screen Test" */ = {
			isa = XCConfigurationList;
			buildConfigurations = (
				C51E74F516A0F5D7006A8802 /* Debug */,
				C51E74F616A0F5D7006A8802 /* Release */,
			);
			defaultConfigurationIsVisible = 0;
			defaultConfigurationName = Release;
		};
		C51E74F716A0F5D7006A8802 /* Build configuration list for PBXNativeTarget "External Screen Test" */ = {
			isa = XCConfigurationList;
			buildConfigurations = (
				C51E74F816A0F5D7006A8802 /* Debug */,
				C51E74F916A0F5D7006A8802 /* Release */,
			);
			defaultConfigurationIsVisible = 0;
		};
/* End XCConfigurationList section */
	};
	rootObject = C51E74CA16A0F5D7006A8802 /* Project object */;
}
